
Microsoft Visual Studio Solution File, Format Version 12.00
# Visual Studio Version 17
VisualStudioVersion = 17.0.31903.59
MinimumVisualStudioVersion = 10.0.40219.1
Project("{FAE04EC0-301F-11D3-BF4B-00C04F79EFBC}") = "WPF_task3", "WPF_task3.csproj", "{0839AD72-9812-45E0-8286-7286CE8666BF}"
EndProject
Global
	GlobalSection(SolutionConfigurationPlatforms) = preSolution
		Debug|Any CPU = Debug|Any CPU
		Release|Any CPU = Release|Any CPU
	EndGlobalSection
	GlobalSection(ProjectConfigurationPlatforms) = postSolution
		{0839AD72-9812-45E0-8286-7286CE8666BF}.Debug|Any CPU.ActiveCfg = Debug|Any CPU
		{0839AD72-9812-45E0-8286-7286CE8666BF}.Debug|Any CPU.Build.0 = Debug|Any CPU
		{0839AD72-9812-45E0-8286-7286CE8666BF}.Release|Any CPU.ActiveCfg = Release|Any CPU
		{0839AD72-9812-45E0-8286-7286CE8666BF}.Release|Any CPU.Build.0 = Release|Any CPU
	EndGlobalSection
	GlobalSection(SolutionProperties) = preSolution
		HideSolutionNode = FALSE
	EndGlobalSection
	GlobalSection(ExtensibilityGlobals) = postSolution
		SolutionGuid = {DEEE2242-C874-4A1B-8269-C0A3026411C2}
	EndGlobalSection
EndGlobal
